
Microsoft Visual Studio Solution File, Format Version 12.00
# Visual Studio Version 17
VisualStudioVersion = 17.5.002.0
MinimumVisualStudioVersion = 10.0.40219.1
Project("{9A19103F-16F7-4668-BE54-9A1E7A4F7556}") = "Homework13", "Homework13.csproj", "{0E1C36C2-647B-4C81-BFA4-FB603CC7447B}"
EndProject
Global
	GlobalSection(SolutionConfigurationPlatforms) = preSolution
		Debug|Any CPU = Debug|Any CPU
		Release|Any CPU = Release|Any CPU
	EndGlobalSection
	GlobalSection(ProjectConfigurationPlatforms) = postSolution
		{0E1C36C2-647B-4C81-BFA4-FB603CC7447B}.Debug|Any CPU.ActiveCfg = Debug|Any CPU
		{0E1C36C2-647B-4C81-BFA4-FB603CC7447B}.Debug|Any CPU.Build.0 = Debug|Any CPU
		{0E1C36C2-647B-4C81-BFA4-FB603CC7447B}.Release|Any CPU.ActiveCfg = Release|Any CPU
		{0E1C36C2-647B-4C81-BFA4-FB603CC7447B}.Release|Any CPU.Build.0 = Release|Any CPU
	EndGlobalSection
	GlobalSection(SolutionProperties) = preSolution
		HideSolutionNode = FALSE
	EndGlobalSection
	GlobalSection(ExtensibilityGlobals) = postSolution
		SolutionGuid = {0254DEB6-2D8D-47F2-A413-521F1E0836E5}
	EndGlobalSection
EndGlobal
