
Microsoft Visual Studio Solution File, Format Version 12.00
# Visual Studio Version 17
VisualStudioVersion = 17.5.002.0
MinimumVisualStudioVersion = 10.0.40219.1
Project("{9A19103F-16F7-4668-BE54-9A1E7A4F7556}") = "Homework12", "Homework12.csproj", "{2E31F68E-7E72-418E-8B30-63D48A214E2A}"
EndProject
Global
	GlobalSection(SolutionConfigurationPlatforms) = preSolution
		Debug|Any CPU = Debug|Any CPU
		Release|Any CPU = Release|Any CPU
	EndGlobalSection
	GlobalSection(ProjectConfigurationPlatforms) = postSolution
		{2E31F68E-7E72-418E-8B30-63D48A214E2A}.Debug|Any CPU.ActiveCfg = Debug|Any CPU
		{2E31F68E-7E72-418E-8B30-63D48A214E2A}.Debug|Any CPU.Build.0 = Debug|Any CPU
		{2E31F68E-7E72-418E-8B30-63D48A214E2A}.Release|Any CPU.ActiveCfg = Release|Any CPU
		{2E31F68E-7E72-418E-8B30-63D48A214E2A}.Release|Any CPU.Build.0 = Release|Any CPU
	EndGlobalSection
	GlobalSection(SolutionProperties) = preSolution
		HideSolutionNode = FALSE
	EndGlobalSection
	GlobalSection(ExtensibilityGlobals) = postSolution
		SolutionGuid = {00F0FFF4-85D4-4819-8939-26E501129BCC}
	EndGlobalSection
EndGlobal
