
Microsoft Visual Studio Solution File, Format Version 12.00
# Visual Studio Version 17
VisualStudioVersion = 17.5.002.0
MinimumVisualStudioVersion = 10.0.40219.1
Project("{9A19103F-16F7-4668-BE54-9A1E7A4F7556}") = "Homework06", "Homework06.csproj", "{EBB3D8AD-771F-4F18-BF7D-C7D4E363FCA2}"
EndProject
Global
	GlobalSection(SolutionConfigurationPlatforms) = preSolution
		Debug|Any CPU = Debug|Any CPU
		Release|Any CPU = Release|Any CPU
	EndGlobalSection
	GlobalSection(ProjectConfigurationPlatforms) = postSolution
		{EBB3D8AD-771F-4F18-BF7D-C7D4E363FCA2}.Debug|Any CPU.ActiveCfg = Debug|Any CPU
		{EBB3D8AD-771F-4F18-BF7D-C7D4E363FCA2}.Debug|Any CPU.Build.0 = Debug|Any CPU
		{EBB3D8AD-771F-4F18-BF7D-C7D4E363FCA2}.Release|Any CPU.ActiveCfg = Release|Any CPU
		{EBB3D8AD-771F-4F18-BF7D-C7D4E363FCA2}.Release|Any CPU.Build.0 = Release|Any CPU
	EndGlobalSection
	GlobalSection(SolutionProperties) = preSolution
		HideSolutionNode = FALSE
	EndGlobalSection
	GlobalSection(ExtensibilityGlobals) = postSolution
		SolutionGuid = {6C649158-F996-4DFE-B41A-6AEEB58C5039}
	EndGlobalSection
EndGlobal
