
Microsoft Visual Studio Solution File, Format Version 12.00
# Visual Studio Version 17
VisualStudioVersion = 17.5.002.0
MinimumVisualStudioVersion = 10.0.40219.1
Project("{9A19103F-16F7-4668-BE54-9A1E7A4F7556}") = "Homework01", "Homework01.csproj", "{F539EE39-DCCE-4AEA-A03D-22F5BA606CBA}"
EndProject
Global
	GlobalSection(SolutionConfigurationPlatforms) = preSolution
		Debug|Any CPU = Debug|Any CPU
		Release|Any CPU = Release|Any CPU
	EndGlobalSection
	GlobalSection(ProjectConfigurationPlatforms) = postSolution
		{F539EE39-DCCE-4AEA-A03D-22F5BA606CBA}.Debug|Any CPU.ActiveCfg = Debug|Any CPU
		{F539EE39-DCCE-4AEA-A03D-22F5BA606CBA}.Debug|Any CPU.Build.0 = Debug|Any CPU
		{F539EE39-DCCE-4AEA-A03D-22F5BA606CBA}.Release|Any CPU.ActiveCfg = Release|Any CPU
		{F539EE39-DCCE-4AEA-A03D-22F5BA606CBA}.Release|Any CPU.Build.0 = Release|Any CPU
	EndGlobalSection
	GlobalSection(SolutionProperties) = preSolution
		HideSolutionNode = FALSE
	EndGlobalSection
	GlobalSection(ExtensibilityGlobals) = postSolution
		SolutionGuid = {72026A2C-C40D-4D5F-ACF0-8C5E83F60A3D}
	EndGlobalSection
EndGlobal
